
Microsoft Visual Studio Solution File, Format Version 12.00
# Visual Studio Version 16
VisualStudioVersion = 16.0.33214.272
MinimumVisualStudioVersion = 10.0.40219.1
Project("{9A19103F-16F7-4668-BE54-9A1E7A4F7556}") = "ALISS", "ALISS\ALISS.csproj", "{DE4CE4BE-50D2-4623-A473-C9F03C2114C0}"
EndProject
Project("{2150E333-8FDC-42A3-9474-1A3956D46DE8}") = "00_Library", "00_Library", "{B4EC53D7-DC1B-4724-800B-678327FF53D7}"
EndProject
Project("{2150E333-8FDC-42A3-9474-1A3956D46DE8}") = "01_Upload", "01_Upload", "{29C5801E-5A36-44F7-A44B-EA045DFDDF85}"
EndProject
Project("{2150E333-8FDC-42A3-9474-1A3956D46DE8}") = "02_Mapping", "02_Mapping", "{A35B2AED-15B3-46D8-A4B2-5C6DAE19698F}"
EndProject
Project("{2150E333-8FDC-42A3-9474-1A3956D46DE8}") = "03_Process", "03_Process", "{E1699756-8B83-4C50-B632-DF0E94DB71AF}"
EndProject
Project("{2150E333-8FDC-42A3-9474-1A3956D46DE8}") = "04_UserManagement", "04_UserManagement", "{4642A12B-B33F-4A05-A84D-FBE39E270863}"
EndProject
Project("{2150E333-8FDC-42A3-9474-1A3956D46DE8}") = "05_HISData", "05_HISData", "{DAFB5249-F6C4-4390-A00B-CCF636576499}"
EndProject
Project("{2150E333-8FDC-42A3-9474-1A3956D46DE8}") = "06_Report", "06_Report", "{C30B786F-BDCD-433D-B190-51BCD6C1FD21}"
EndProject
Project("{9A19103F-16F7-4668-BE54-9A1E7A4F7556}") = "ALISS.ApiGateway", "ALISS.ApiGateway\ALISS.ApiGateway.csproj", "{05C90ABA-05B8-46A9-AAB0-16F327E3CDD6}"
EndProject
Project("{9A19103F-16F7-4668-BE54-9A1E7A4F7556}") = "Log4NetLibrary", "00_Library\Log4NetLibrary\Log4NetLibrary.csproj", "{B83B6F0C-733A-45FE-9EC0-CFE8D4B17C4F}"
EndProject
Project("{9A19103F-16F7-4668-BE54-9A1E7A4F7556}") = "ALISS.AUTH.Api", "04_UserManagement\ALISS.AUTH.Api\ALISS.AUTH.Api.csproj", "{14534DDA-453D-4213-A45B-35232984B6DA}"
EndProject
Project("{9A19103F-16F7-4668-BE54-9A1E7A4F7556}") = "ALISS.AUTH.DTO", "04_UserManagement\ALISS.AUTH.DTO\ALISS.AUTH.DTO.csproj", "{33E1CA5F-33A9-4A57-9E24-E77E94B5A5AE}"
EndProject
Project("{9A19103F-16F7-4668-BE54-9A1E7A4F7556}") = "ALISS.AUTH.Library", "04_UserManagement\ALISS.AUTH.Library\ALISS.AUTH.Library.csproj", "{05DEA2F2-4AE8-4DA8-9CCC-668E3E77B297}"
EndProject
Project("{9A19103F-16F7-4668-BE54-9A1E7A4F7556}") = "ALISS.AUTH.Library.Tests", "04_UserManagement\ALISS.AUTH.Library.Tests\ALISS.AUTH.Library.Tests.csproj", "{2E006C0C-304F-4F3D-871C-C1A8F5DA7CA6}"
EndProject
Project("{2150E333-8FDC-42A3-9474-1A3956D46DE8}") = "00_Master", "00_Master", "{EBAE5226-433A-4892-9ED6-F623CDB33926}"
EndProject
Project("{9A19103F-16F7-4668-BE54-9A1E7A4F7556}") = "ALISS.Master.DTO", "00_Master\ALISS.Master.DTO\ALISS.Master.DTO.csproj", "{777D2653-F8E5-49CE-AAAC-B53225D243FC}"
EndProject
Project("{9A19103F-16F7-4668-BE54-9A1E7A4F7556}") = "ALISS.Master.Library", "00_Master\ALISS.Master.Library\ALISS.Master.Library.csproj", "{79FA5286-557D-4BCB-BF84-75A479F49F1A}"
EndProject
Project("{9A19103F-16F7-4668-BE54-9A1E7A4F7556}") = "ALISS.Master.Library.Test", "00_Master\ALISS.Master.Library.Test\ALISS.Master.Library.Test.csproj", "{AB4A19E4-1568-4BFA-A931-1F9F38EB0963}"
EndProject
Project("{9A19103F-16F7-4668-BE54-9A1E7A4F7556}") = "ALISS.MasterManagement.Library", "04_UserManagement\ALISS.MasterManagement.Library\ALISS.MasterManagement.Library.csproj", "{4DFF7D54-2513-429E-8485-C3D989AC9487}"
EndProject
Project("{9A19103F-16F7-4668-BE54-9A1E7A4F7556}") = "ALISS.MasterManagement.DTO", "04_UserManagement\ALISS.MasterManagement.DTO\ALISS.MasterManagement.DTO.csproj", "{4974FE82-053A-41DC-B943-E079BC294AD4}"
EndProject
Project("{9A19103F-16F7-4668-BE54-9A1E7A4F7556}") = "ALISS.MasterManagement.Library.Test", "04_UserManagement\ALISS.MasterManagement.Library.Test\ALISS.MasterManagement.Library.Test.csproj", "{E605EC5E-4977-44AA-9522-10359BBA2497}"
EndProject
Project("{9A19103F-16F7-4668-BE54-9A1E7A4F7556}") = "ALISS.UserManagement.Library", "04_UserManagement\ALISS.UserManagement.Library\ALISS.UserManagement.Library.csproj", "{83A7CC83-6970-4F42-BB13-965A1633FF30}"
EndProject
Project("{9A19103F-16F7-4668-BE54-9A1E7A4F7556}") = "ALISS.UserManagement.DTO", "04_UserManagement\ALISS.UserManagement.DTO\ALISS.UserManagement.DTO.csproj", "{1FB8E180-D427-43F5-AFB5-31CCA0ED9ABB}"
EndProject
Project("{9A19103F-16F7-4668-BE54-9A1E7A4F7556}") = "ALISS.UserManagement.Library.Test", "04_UserManagement\ALISS.UserManagement.Library.Test\ALISS.UserManagement.Library.Test.csproj", "{FAA730E3-7AB7-4AD1-9CF9-179ECB158089}"
EndProject
Project("{9A19103F-16F7-4668-BE54-9A1E7A4F7556}") = "ALISS.Process.Library", "03_Process\ALISS.Process.Library\ALISS.Process.Library.csproj", "{287F9124-8350-401E-A5AC-3AF72A3E66EB}"
EndProject
Project("{9A19103F-16F7-4668-BE54-9A1E7A4F7556}") = "ALISS.Process.DTO", "03_Process\ALISS.Process.DTO\ALISS.Process.DTO.csproj", "{CE76FE30-8976-4E4D-B13F-42172E47E613}"
EndProject
Project("{9A19103F-16F7-4668-BE54-9A1E7A4F7556}") = "ALISS.Process.Library.Test", "03_Process\ALISS.Process.Library.Test\ALISS.Process.Library.Test.csproj", "{EB94D654-D5C7-4F52-AF86-4EE2F1E94659}"
EndProject
Project("{9A19103F-16F7-4668-BE54-9A1E7A4F7556}") = "ALISS.DropDownList.Api", "00_Master\ALISS.DropDownList.Api\ALISS.DropDownList.Api.csproj", "{8B6F832D-0A85-4B37-A630-7752BC2F6E38}"
EndProject
Project("{9A19103F-16F7-4668-BE54-9A1E7A4F7556}") = "ALISS.DropDownList.DTO", "00_Master\ALISS.DropDownList.DTO\ALISS.DropDownList.DTO.csproj", "{8BB54A81-2437-4FD9-8491-4E2F5DCCD69F}"
EndProject
Project("{9A19103F-16F7-4668-BE54-9A1E7A4F7556}") = "ALISS.DropDownList.Library", "00_Master\ALISS.DropDownList.Library\ALISS.DropDownList.Library.csproj", "{9FA12EB2-64DF-4403-B9B3-CAFD1F030E34}"
EndProject
Project("{9A19103F-16F7-4668-BE54-9A1E7A4F7556}") = "ALISS.LoginManagement.DTO", "00_Master\ALISS.LoginManagement.DTO\ALISS.LoginManagement.DTO.csproj", "{10FD086A-3A9E-469B-81C6-820384C7B005}"
EndProject
Project("{9A19103F-16F7-4668-BE54-9A1E7A4F7556}") = "ALISS.LoginManagement.Library", "00_Master\ALISS.LoginManagement.Library\ALISS.LoginManagement.Library.csproj", "{4C92CEE0-1710-4A45-935E-567F6F62EEC8}"
EndProject
Project("{9A19103F-16F7-4668-BE54-9A1E7A4F7556}") = "ALISS.Mapping.Api", "02_Mapping\ALISS.Mapping.Api\ALISS.Mapping.Api.csproj", "{1C5F1A2B-06ED-43AF-9ACB-53EB8FB9A3C3}"
EndProject
Project("{9A19103F-16F7-4668-BE54-9A1E7A4F7556}") = "ALISS.Mapping.DTO", "02_Mapping\ALISS.Mapping.DTO\ALISS.Mapping.DTO.csproj", "{CD07C7E1-945C-4FB5-88DA-0BC1344E88C3}"
EndProject
Project("{9A19103F-16F7-4668-BE54-9A1E7A4F7556}") = "ALISS.Mapping.Library", "02_Mapping\ALISS.Mapping.Library\ALISS.Mapping.Library.csproj", "{2BEA8FA1-46A0-4E26-99D7-A7C3F3B1A14C}"
EndProject
Project("{9A19103F-16F7-4668-BE54-9A1E7A4F7556}") = "ALISS.LabFileUpload.Api", "01_Upload\ALISS.LabFileUpload.Api\ALISS.LabFileUpload.Api.csproj", "{6DB7F892-5A28-40FE-8A8B-1EBFBC043F9D}"
EndProject
Project("{9A19103F-16F7-4668-BE54-9A1E7A4F7556}") = "ALISS.LabFileUpload.DTO", "01_Upload\ALISS.LabFileUpload.DTO\ALISS.LabFileUpload.DTO.csproj", "{B66AB8B7-B074-4053-A50F-A442BE25E4A7}"
EndProject
Project("{9A19103F-16F7-4668-BE54-9A1E7A4F7556}") = "ALISS.LabFileUpload.Library", "01_Upload\ALISS.LabFileUpload.Library\ALISS.LabFileUpload.Library.csproj", "{8300586A-FC0C-430C-A6E3-8DEA8A8E01B3}"
EndProject
Project("{9A19103F-16F7-4668-BE54-9A1E7A4F7556}") = "ALISS.LabFileUpload.Batch", "01_Upload\ALISS.LabFileUpload.Batch\ALISS.LabFileUpload.Batch.csproj", "{D0EAAF0D-5A5F-426F-B680-419B4455CDB5}"
EndProject
Project("{9A19103F-16F7-4668-BE54-9A1E7A4F7556}") = "ALISS.ANTIBIOGRAM.Api", "06_Report\ALISS.ANTIBIOGRAM.Api\ALISS.ANTIBIOGRAM.Api.csproj", "{9D6E548D-2209-4A1C-884D-98BE0E2BC837}"
EndProject
Project("{9A19103F-16F7-4668-BE54-9A1E7A4F7556}") = "ALISS.ANTIBIOGRAM.DTO", "06_Report\ALISS.ANTIBIOGRAM.DTO\ALISS.ANTIBIOGRAM.DTO.csproj", "{616A7275-9602-4F61-BF64-13B712217907}"
EndProject
Project("{9A19103F-16F7-4668-BE54-9A1E7A4F7556}") = "ALISS.ANTIBIOGRAM.Library", "06_Report\ALISS.ANTIBIOGRAM.Library\ALISS.ANTIBIOGRAM.Library.csproj", "{4F6D0CBF-2E38-4E0E-95E5-C38D6108BBF3}"
EndProject
Project("{9A19103F-16F7-4668-BE54-9A1E7A4F7556}") = "ALISS.ANTIBIOGRAM.Library.Test", "06_Report\ALISS.ANTIBIOGRAM.Library.Test\ALISS.ANTIBIOGRAM.Library.Test.csproj", "{57598059-F223-462F-8568-CF07B0F87AB6}"
EndProject
Project("{9A19103F-16F7-4668-BE54-9A1E7A4F7556}") = "ALISS.ANTIBIOTREND.Api", "06_Report\ALISS.ANTIBIOTREND.Api\ALISS.ANTIBIOTREND.Api.csproj", "{FDDD93F5-9AAC-46B6-B7A8-0A619CD7ED28}"
EndProject
Project("{9A19103F-16F7-4668-BE54-9A1E7A4F7556}") = "ALISS.ANTIBIOTREND.DTO", "06_Report\ALISS.ANTIBIOTREND.DTO\ALISS.ANTIBIOTREND.DTO.csproj", "{D1C277A6-8BE6-456B-9FBD-2F879008F1E9}"
EndProject
Project("{9A19103F-16F7-4668-BE54-9A1E7A4F7556}") = "ALISS.ANTIBIOTREND.Library", "06_Report\ALISS.ANTIBIOTREND.Library\ALISS.ANTIBIOTREND.Library.csproj", "{692268A7-8266-43C7-B5A5-40F21CF2D584}"
EndProject
Project("{FAE04EC0-301F-11D3-BF4B-00C04F79EFBC}") = "ALISS.EXPORT.Api", "06_Report\ALISS.EXPORT.Api\ALISS.EXPORT.Api.csproj", "{C2E95E24-3866-4E79-9014-6223F380B2F6}"
EndProject
Project("{FAE04EC0-301F-11D3-BF4B-00C04F79EFBC}") = "ALISS.EXPORT.Library", "06_Report\ALISS.EXPORT.Library\ALISS.EXPORT.Library.csproj", "{BB4FED70-68F6-473B-BB95-E9EB04B7E6A4}"
EndProject
Project("{9A19103F-16F7-4668-BE54-9A1E7A4F7556}") = "ALISS.GLASS.Api", "06_Report\ALISS.GLASS.Api\ALISS.GLASS.Api.csproj", "{AAD2812D-81AD-47DB-83D5-D7B82CF1D3EC}"
EndProject
Project("{9A19103F-16F7-4668-BE54-9A1E7A4F7556}") = "ALISS.GLASS.DTO", "06_Report\ALISS.GLASS.DTO\ALISS.GLASS.DTO.csproj", "{0E7BD4AC-A06C-482A-A9D9-43CD9CE51D9C}"
EndProject
Project("{9A19103F-16F7-4668-BE54-9A1E7A4F7556}") = "ALISS.HISUpload.Api", "05_HISData\ALISS.HISUpload.Api\ALISS.HISUpload.Api.csproj", "{5131A0E6-A75D-44F7-9EC4-F1CDC7EAE6E3}"
EndProject
Project("{9A19103F-16F7-4668-BE54-9A1E7A4F7556}") = "ALISS.HISUpload.DTO", "05_HISData\ALISS.HISUpload.DTO\ALISS.HISUpload.DTO.csproj", "{091ED4D7-5113-4DE3-94CB-D7522EDA60A1}"
EndProject
Project("{9A19103F-16F7-4668-BE54-9A1E7A4F7556}") = "ALISS.HISUpload.Library", "05_HISData\ALISS.HISUpload.Library\ALISS.HISUpload.Library.csproj", "{EBEE139B-5C6D-4327-9638-CA8BA327E955}"
EndProject
Project("{9A19103F-16F7-4668-BE54-9A1E7A4F7556}") = "ALISS.HISUpload.Batch", "05_HISData\ALISS.HISUpload.Batch\ALISS.HISUpload.Batch.csproj", "{DF4CA457-1E54-4B02-ABE1-1E8CD5A66471}"
EndProject
Project("{9A19103F-16F7-4668-BE54-9A1E7A4F7556}") = "ALISS.GLASS.Library", "06_Report\ALISS.GLASS.Library\ALISS.GLASS.Library.csproj", "{40AFFC47-EF10-477B-A1FA-78ABE2903903}"
EndProject
Project("{9A19103F-16F7-4668-BE54-9A1E7A4F7556}") = "ALISS.Master.NoticeMessage.Library", "00_Master\ALISS.Master.NoticeMessage.Library\ALISS.Master.NoticeMessage.Library.csproj", "{47E4AD34-6918-4259-B059-D9799F60EDCD}"
EndProject
Project("{2150E333-8FDC-42A3-9474-1A3956D46DE8}") = "00_DataAccess", "00_DataAccess", "{D8F86689-EA16-4330-B5D1-B86744DCB312}"
EndProject
Project("{9A19103F-16F7-4668-BE54-9A1E7A4F7556}") = "ALISS.TR.NoticeMessage", "00_DataAccess\ALISS.TR.NoticeMessage\ALISS.TR.NoticeMessage.csproj", "{18978539-349A-4D55-BBC7-953DCD70ECE5}"
EndProject
Project("{2150E333-8FDC-42A3-9474-1A3956D46DE8}") = "00_DataService", "00_DataService", "{FB74CCF9-BEF9-4172-B6FF-AC17BD34ABC4}"
EndProject
Project("{9A19103F-16F7-4668-BE54-9A1E7A4F7556}") = "ALISS.TR.NoticeMessage.DataService", "00_DataService\ALISS.TR.NoticeMessage.DataService\ALISS.TR.NoticeMessage.DataService.csproj", "{2EAA3751-BBB3-46A5-B70B-EF6B3C340914}"
EndProject
Project("{9A19103F-16F7-4668-BE54-9A1E7A4F7556}") = "ALISS_AUTH.TC.UserLogin", "00_DataAccess\ALISS_AUTH.TC.UserLogin\ALISS_AUTH.TC.UserLogin.csproj", "{FFC5E438-D2DB-4455-9055-0BBB7C3694C1}"
EndProject
Project("{9A19103F-16F7-4668-BE54-9A1E7A4F7556}") = "ALISS_AUTH.TC.Role", "00_DataAccess\ALISS_AUTH.TC.Role\ALISS_AUTH.TC.Role.csproj", "{3C1E9DD2-EC4E-4FFD-9BB6-236E20A4FE1B}"
EndProject
Project("{9A19103F-16F7-4668-BE54-9A1E7A4F7556}") = "ALISS.TC.WHONET_Antibiotics", "00_DataAccess\ALISS.TC.WHONET_Antibiotics\ALISS.TC.WHONET_Antibiotics.csproj", "{379C686F-7615-4258-A454-735E11CD942C}"
EndProject
Project("{9A19103F-16F7-4668-BE54-9A1E7A4F7556}") = "ALISS.Master.WHONET.Library", "00_Master\ALISS.Master.WHONET.Library\ALISS.Master.WHONET.Library.csproj", "{AA15CC81-288A-4872-972C-A3F51FD1B936}"
EndProject
Project("{9A19103F-16F7-4668-BE54-9A1E7A4F7556}") = "ALISS.LoginManagement.Api", "00_Master\ALISS.LoginManagement.Api\ALISS.LoginManagement.Api.csproj", "{D6230A64-ACF0-4F8E-A956-A2CF6080EF42}"
EndProject
Project("{9A19103F-16F7-4668-BE54-9A1E7A4F7556}") = "ALISS.Master.Api", "00_Master\ALISS.Master.Api\ALISS.Master.Api.csproj", "{812448AF-AB2C-47E8-9B43-347277378861}"
EndProject
Project("{9A19103F-16F7-4668-BE54-9A1E7A4F7556}") = "ALISS.Process.Api", "03_Process\ALISS.Process.Api\ALISS.Process.Api.csproj", "{FC057B71-79F8-4967-A37E-3F93DC872952}"
EndProject
Project("{9A19103F-16F7-4668-BE54-9A1E7A4F7556}") = "ALISS.MasterManagement.Api", "04_UserManagement\ALISS.MasterManagement.Api\ALISS.MasterManagement.Api.csproj", "{98ECD8D6-DFA2-4544-9620-B1A6AC4D2D38}"
EndProject
Project("{9A19103F-16F7-4668-BE54-9A1E7A4F7556}") = "ALISS.UserManagement.Api", "04_UserManagement\ALISS.UserManagement.Api\ALISS.UserManagement.Api.csproj", "{394FF1E4-7452-4647-9C74-B6D743E3D610}"
EndProject
Project("{9A19103F-16F7-4668-BE54-9A1E7A4F7556}") = "ALISS.HISUpload.Batch.HDCData", "05_HISData\ALISS.HISUpload.Batch.HDCData\ALISS.HISUpload.Batch.HDCData.csproj", "{F3A50AC0-A355-44AF-B342-463539DB0E04}"
EndProject
Project("{9A19103F-16F7-4668-BE54-9A1E7A4F7556}") = "ALISS.Process.Batch", "03_Process\ALISS.Process.Batch\ALISS.Process.Batch.csproj", "{9DD569B5-F9FC-4FC2-90DC-37B234C23D70}"
EndProject
Project("{2150E333-8FDC-42A3-9474-1A3956D46DE8}") = "08_STARSReport", "08_STARSReport", "{F09ED153-F4BE-46EA-A1A8-CC8A9114A50E}"
EndProject
Project("{FAE04EC0-301F-11D3-BF4B-00C04F79EFBC}") = "ALISS.STARS.Report.Api", "ALISS.START.Report.Api\ALISS.STARS.Report.Api.csproj", "{A904B91F-8CE2-4208-95C2-77E066C0132E}"
EndProject
Project("{FAE04EC0-301F-11D3-BF4B-00C04F79EFBC}") = "ALISS.STARS.Report.DTO", "ALISS.STARS.Report.DTO\ALISS.STARS.Report.DTO.csproj", "{B93D075B-6738-4C74-854C-515F234C6797}"
EndProject
Project("{2150E333-8FDC-42A3-9474-1A3956D46DE8}") = "07_STARS", "07_STARS", "{50E57693-5EB5-433F-885A-A558CC18D7CE}"
EndProject
Project("{FAE04EC0-301F-11D3-BF4B-00C04F79EFBC}") = "ALISS.STARS.Api", "ALISS.STARS.Api\ALISS.STARS.Api.csproj", "{6E572BA0-D148-41F4-96EB-025D6818D6BC}"
EndProject
Project("{FAE04EC0-301F-11D3-BF4B-00C04F79EFBC}") = "ALISS.STARS.DTO", "ALISS.STARS.DTO\ALISS.STARS.DTO.csproj", "{C25D5735-602B-4DE1-B091-1726A9EF0641}"
EndProject
Project("{FAE04EC0-301F-11D3-BF4B-00C04F79EFBC}") = "ALISS.STARS.Library", "ALISS.STARS.Library\ALISS.STARS.Library.csproj", "{7FF4629E-9C5B-41D3-902C-62D0272BDB36}"
EndProject
Global
	GlobalSection(SolutionConfigurationPlatforms) = preSolution
		Debug|Any CPU = Debug|Any CPU
		Debug|x86 = Debug|x86
		Release|Any CPU = Release|Any CPU
		Release|x86 = Release|x86
	EndGlobalSection
	GlobalSection(ProjectConfigurationPlatforms) = postSolution
		{DE4CE4BE-50D2-4623-A473-C9F03C2114C0}.Debug|Any CPU.ActiveCfg = Debug|Any CPU
		{DE4CE4BE-50D2-4623-A473-C9F03C2114C0}.Debug|Any CPU.Build.0 = Debug|Any CPU
		{DE4CE4BE-50D2-4623-A473-C9F03C2114C0}.Debug|x86.ActiveCfg = Debug|x86
		{DE4CE4BE-50D2-4623-A473-C9F03C2114C0}.Debug|x86.Build.0 = Debug|x86
		{DE4CE4BE-50D2-4623-A473-C9F03C2114C0}.Release|Any CPU.ActiveCfg = Release|Any CPU
		{DE4CE4BE-50D2-4623-A473-C9F03C2114C0}.Release|Any CPU.Build.0 = Release|Any CPU
		{DE4CE4BE-50D2-4623-A473-C9F03C2114C0}.Release|x86.ActiveCfg = Release|x86
		{DE4CE4BE-50D2-4623-A473-C9F03C2114C0}.Release|x86.Build.0 = Release|x86
		{05C90ABA-05B8-46A9-AAB0-16F327E3CDD6}.Debug|Any CPU.ActiveCfg = Debug|Any CPU
		{05C90ABA-05B8-46A9-AAB0-16F327E3CDD6}.Debug|Any CPU.Build.0 = Debug|Any CPU
		{05C90ABA-05B8-46A9-AAB0-16F327E3CDD6}.Debug|x86.ActiveCfg = Debug|x86
		{05C90ABA-05B8-46A9-AAB0-16F327E3CDD6}.Debug|x86.Build.0 = Debug|x86
		{05C90ABA-05B8-46A9-AAB0-16F327E3CDD6}.Release|Any CPU.ActiveCfg = Release|Any CPU
		{05C90ABA-05B8-46A9-AAB0-16F327E3CDD6}.Release|Any CPU.Build.0 = Release|Any CPU
		{05C90ABA-05B8-46A9-AAB0-16F327E3CDD6}.Release|x86.ActiveCfg = Release|x86
		{05C90ABA-05B8-46A9-AAB0-16F327E3CDD6}.Release|x86.Build.0 = Release|x86
		{B83B6F0C-733A-45FE-9EC0-CFE8D4B17C4F}.Debug|Any CPU.ActiveCfg = Debug|Any CPU
		{B83B6F0C-733A-45FE-9EC0-CFE8D4B17C4F}.Debug|Any CPU.Build.0 = Debug|Any CPU
		{B83B6F0C-733A-45FE-9EC0-CFE8D4B17C4F}.Debug|x86.ActiveCfg = Debug|x86
		{B83B6F0C-733A-45FE-9EC0-CFE8D4B17C4F}.Debug|x86.Build.0 = Debug|x86
		{B83B6F0C-733A-45FE-9EC0-CFE8D4B17C4F}.Release|Any CPU.ActiveCfg = Release|Any CPU
		{B83B6F0C-733A-45FE-9EC0-CFE8D4B17C4F}.Release|Any CPU.Build.0 = Release|Any CPU
		{B83B6F0C-733A-45FE-9EC0-CFE8D4B17C4F}.Release|x86.ActiveCfg = Release|x86
		{B83B6F0C-733A-45FE-9EC0-CFE8D4B17C4F}.Release|x86.Build.0 = Release|x86
		{14534DDA-453D-4213-A45B-35232984B6DA}.Debug|Any CPU.ActiveCfg = Debug|Any CPU
		{14534DDA-453D-4213-A45B-35232984B6DA}.Debug|Any CPU.Build.0 = Debug|Any CPU
		{14534DDA-453D-4213-A45B-35232984B6DA}.Debug|x86.ActiveCfg = Debug|x86
		{14534DDA-453D-4213-A45B-35232984B6DA}.Debug|x86.Build.0 = Debug|x86
		{14534DDA-453D-4213-A45B-35232984B6DA}.Release|Any CPU.ActiveCfg = Release|Any CPU
		{14534DDA-453D-4213-A45B-35232984B6DA}.Release|Any CPU.Build.0 = Release|Any CPU
		{14534DDA-453D-4213-A45B-35232984B6DA}.Release|x86.ActiveCfg = Release|x86
		{14534DDA-453D-4213-A45B-35232984B6DA}.Release|x86.Build.0 = Release|x86
		{33E1CA5F-33A9-4A57-9E24-E77E94B5A5AE}.Debug|Any CPU.ActiveCfg = Debug|Any CPU
		{33E1CA5F-33A9-4A57-9E24-E77E94B5A5AE}.Debug|Any CPU.Build.0 = Debug|Any CPU
		{33E1CA5F-33A9-4A57-9E24-E77E94B5A5AE}.Debug|x86.ActiveCfg = Debug|x86
		{33E1CA5F-33A9-4A57-9E24-E77E94B5A5AE}.Debug|x86.Build.0 = Debug|x86
		{33E1CA5F-33A9-4A57-9E24-E77E94B5A5AE}.Release|Any CPU.ActiveCfg = Release|Any CPU
		{33E1CA5F-33A9-4A57-9E24-E77E94B5A5AE}.Release|Any CPU.Build.0 = Release|Any CPU
		{33E1CA5F-33A9-4A57-9E24-E77E94B5A5AE}.Release|x86.ActiveCfg = Release|x86
		{33E1CA5F-33A9-4A57-9E24-E77E94B5A5AE}.Release|x86.Build.0 = Release|x86
		{05DEA2F2-4AE8-4DA8-9CCC-668E3E77B297}.Debug|Any CPU.ActiveCfg = Debug|Any CPU
		{05DEA2F2-4AE8-4DA8-9CCC-668E3E77B297}.Debug|Any CPU.Build.0 = Debug|Any CPU
		{05DEA2F2-4AE8-4DA8-9CCC-668E3E77B297}.Debug|x86.ActiveCfg = Debug|x86
		{05DEA2F2-4AE8-4DA8-9CCC-668E3E77B297}.Debug|x86.Build.0 = Debug|x86
		{05DEA2F2-4AE8-4DA8-9CCC-668E3E77B297}.Release|Any CPU.ActiveCfg = Release|Any CPU
		{05DEA2F2-4AE8-4DA8-9CCC-668E3E77B297}.Release|Any CPU.Build.0 = Release|Any CPU
		{05DEA2F2-4AE8-4DA8-9CCC-668E3E77B297}.Release|x86.ActiveCfg = Release|x86
		{05DEA2F2-4AE8-4DA8-9CCC-668E3E77B297}.Release|x86.Build.0 = Release|x86
		{2E006C0C-304F-4F3D-871C-C1A8F5DA7CA6}.Debug|Any CPU.ActiveCfg = Debug|Any CPU
		{2E006C0C-304F-4F3D-871C-C1A8F5DA7CA6}.Debug|Any CPU.Build.0 = Debug|Any CPU
		{2E006C0C-304F-4F3D-871C-C1A8F5DA7CA6}.Debug|x86.ActiveCfg = Debug|x86
		{2E006C0C-304F-4F3D-871C-C1A8F5DA7CA6}.Debug|x86.Build.0 = Debug|x86
		{2E006C0C-304F-4F3D-871C-C1A8F5DA7CA6}.Release|Any CPU.ActiveCfg = Release|Any CPU
		{2E006C0C-304F-4F3D-871C-C1A8F5DA7CA6}.Release|Any CPU.Build.0 = Release|Any CPU
		{2E006C0C-304F-4F3D-871C-C1A8F5DA7CA6}.Release|x86.ActiveCfg = Release|x86
		{2E006C0C-304F-4F3D-871C-C1A8F5DA7CA6}.Release|x86.Build.0 = Release|x86
		{777D2653-F8E5-49CE-AAAC-B53225D243FC}.Debug|Any CPU.ActiveCfg = Debug|Any CPU
		{777D2653-F8E5-49CE-AAAC-B53225D243FC}.Debug|Any CPU.Build.0 = Debug|Any CPU
		{777D2653-F8E5-49CE-AAAC-B53225D243FC}.Debug|x86.ActiveCfg = Debug|x86
		{777D2653-F8E5-49CE-AAAC-B53225D243FC}.Debug|x86.Build.0 = Debug|x86
		{777D2653-F8E5-49CE-AAAC-B53225D243FC}.Release|Any CPU.ActiveCfg = Release|Any CPU
		{777D2653-F8E5-49CE-AAAC-B53225D243FC}.Release|Any CPU.Build.0 = Release|Any CPU
		{777D2653-F8E5-49CE-AAAC-B53225D243FC}.Release|x86.ActiveCfg = Release|x86
		{777D2653-F8E5-49CE-AAAC-B53225D243FC}.Release|x86.Build.0 = Release|x86
		{79FA5286-557D-4BCB-BF84-75A479F49F1A}.Debug|Any CPU.ActiveCfg = Debug|Any CPU
		{79FA5286-557D-4BCB-BF84-75A479F49F1A}.Debug|Any CPU.Build.0 = Debug|Any CPU
		{79FA5286-557D-4BCB-BF84-75A479F49F1A}.Debug|x86.ActiveCfg = Debug|x86
		{79FA5286-557D-4BCB-BF84-75A479F49F1A}.Debug|x86.Build.0 = Debug|x86
		{79FA5286-557D-4BCB-BF84-75A479F49F1A}.Release|Any CPU.ActiveCfg = Release|Any CPU
		{79FA5286-557D-4BCB-BF84-75A479F49F1A}.Release|Any CPU.Build.0 = Release|Any CPU
		{79FA5286-557D-4BCB-BF84-75A479F49F1A}.Release|x86.ActiveCfg = Release|x86
		{79FA5286-557D-4BCB-BF84-75A479F49F1A}.Release|x86.Build.0 = Release|x86
		{AB4A19E4-1568-4BFA-A931-1F9F38EB0963}.Debug|Any CPU.ActiveCfg = Debug|Any CPU
		{AB4A19E4-1568-4BFA-A931-1F9F38EB0963}.Debug|Any CPU.Build.0 = Debug|Any CPU
		{AB4A19E4-1568-4BFA-A931-1F9F38EB0963}.Debug|x86.ActiveCfg = Debug|x86
		{AB4A19E4-1568-4BFA-A931-1F9F38EB0963}.Debug|x86.Build.0 = Debug|x86
		{AB4A19E4-1568-4BFA-A931-1F9F38EB0963}.Release|Any CPU.ActiveCfg = Release|Any CPU
		{AB4A19E4-1568-4BFA-A931-1F9F38EB0963}.Release|Any CPU.Build.0 = Release|Any CPU
		{AB4A19E4-1568-4BFA-A931-1F9F38EB0963}.Release|x86.ActiveCfg = Release|x86
		{AB4A19E4-1568-4BFA-A931-1F9F38EB0963}.Release|x86.Build.0 = Release|x86
		{4DFF7D54-2513-429E-8485-C3D989AC9487}.Debug|Any CPU.ActiveCfg = Debug|Any CPU
		{4DFF7D54-2513-429E-8485-C3D989AC9487}.Debug|Any CPU.Build.0 = Debug|Any CPU
		{4DFF7D54-2513-429E-8485-C3D989AC9487}.Debug|x86.ActiveCfg = Debug|x86
		{4DFF7D54-2513-429E-8485-C3D989AC9487}.Debug|x86.Build.0 = Debug|x86
		{4DFF7D54-2513-429E-8485-C3D989AC9487}.Release|Any CPU.ActiveCfg = Release|Any CPU
		{4DFF7D54-2513-429E-8485-C3D989AC9487}.Release|Any CPU.Build.0 = Release|Any CPU
		{4DFF7D54-2513-429E-8485-C3D989AC9487}.Release|x86.ActiveCfg = Release|x86
		{4DFF7D54-2513-429E-8485-C3D989AC9487}.Release|x86.Build.0 = Release|x86
		{4974FE82-053A-41DC-B943-E079BC294AD4}.Debug|Any CPU.ActiveCfg = Debug|Any CPU
		{4974FE82-053A-41DC-B943-E079BC294AD4}.Debug|Any CPU.Build.0 = Debug|Any CPU
		{4974FE82-053A-41DC-B943-E079BC294AD4}.Debug|x86.ActiveCfg = Debug|x86
		{4974FE82-053A-41DC-B943-E079BC294AD4}.Debug|x86.Build.0 = Debug|x86
		{4974FE82-053A-41DC-B943-E079BC294AD4}.Release|Any CPU.ActiveCfg = Release|Any CPU
		{4974FE82-053A-41DC-B943-E079BC294AD4}.Release|Any CPU.Build.0 = Release|Any CPU
		{4974FE82-053A-41DC-B943-E079BC294AD4}.Release|x86.ActiveCfg = Release|x86
		{4974FE82-053A-41DC-B943-E079BC294AD4}.Release|x86.Build.0 = Release|x86
		{E605EC5E-4977-44AA-9522-10359BBA2497}.Debug|Any CPU.ActiveCfg = Debug|Any CPU
		{E605EC5E-4977-44AA-9522-10359BBA2497}.Debug|Any CPU.Build.0 = Debug|Any CPU
		{E605EC5E-4977-44AA-9522-10359BBA2497}.Debug|x86.ActiveCfg = Debug|x86
		{E605EC5E-4977-44AA-9522-10359BBA2497}.Debug|x86.Build.0 = Debug|x86
		{E605EC5E-4977-44AA-9522-10359BBA2497}.Release|Any CPU.ActiveCfg = Release|Any CPU
		{E605EC5E-4977-44AA-9522-10359BBA2497}.Release|Any CPU.Build.0 = Release|Any CPU
		{E605EC5E-4977-44AA-9522-10359BBA2497}.Release|x86.ActiveCfg = Release|x86
		{E605EC5E-4977-44AA-9522-10359BBA2497}.Release|x86.Build.0 = Release|x86
		{83A7CC83-6970-4F42-BB13-965A1633FF30}.Debug|Any CPU.ActiveCfg = Debug|Any CPU
		{83A7CC83-6970-4F42-BB13-965A1633FF30}.Debug|Any CPU.Build.0 = Debug|Any CPU
		{83A7CC83-6970-4F42-BB13-965A1633FF30}.Debug|x86.ActiveCfg = Debug|x86
		{83A7CC83-6970-4F42-BB13-965A1633FF30}.Debug|x86.Build.0 = Debug|x86
		{83A7CC83-6970-4F42-BB13-965A1633FF30}.Release|Any CPU.ActiveCfg = Release|Any CPU
		{83A7CC83-6970-4F42-BB13-965A1633FF30}.Release|Any CPU.Build.0 = Release|Any CPU
		{83A7CC83-6970-4F42-BB13-965A1633FF30}.Release|x86.ActiveCfg = Release|x86
		{83A7CC83-6970-4F42-BB13-965A1633FF30}.Release|x86.Build.0 = Release|x86
		{1FB8E180-D427-43F5-AFB5-31CCA0ED9ABB}.Debug|Any CPU.ActiveCfg = Debug|Any CPU
		{1FB8E180-D427-43F5-AFB5-31CCA0ED9ABB}.Debug|Any CPU.Build.0 = Debug|Any CPU
		{1FB8E180-D427-43F5-AFB5-31CCA0ED9ABB}.Debug|x86.ActiveCfg = Debug|x86
		{1FB8E180-D427-43F5-AFB5-31CCA0ED9ABB}.Debug|x86.Build.0 = Debug|x86
		{1FB8E180-D427-43F5-AFB5-31CCA0ED9ABB}.Release|Any CPU.ActiveCfg = Release|Any CPU
		{1FB8E180-D427-43F5-AFB5-31CCA0ED9ABB}.Release|Any CPU.Build.0 = Release|Any CPU
		{1FB8E180-D427-43F5-AFB5-31CCA0ED9ABB}.Release|x86.ActiveCfg = Release|x86
		{1FB8E180-D427-43F5-AFB5-31CCA0ED9ABB}.Release|x86.Build.0 = Release|x86
		{FAA730E3-7AB7-4AD1-9CF9-179ECB158089}.Debug|Any CPU.ActiveCfg = Debug|Any CPU
		{FAA730E3-7AB7-4AD1-9CF9-179ECB158089}.Debug|Any CPU.Build.0 = Debug|Any CPU
		{FAA730E3-7AB7-4AD1-9CF9-179ECB158089}.Debug|x86.ActiveCfg = Debug|x86
		{FAA730E3-7AB7-4AD1-9CF9-179ECB158089}.Debug|x86.Build.0 = Debug|x86
		{FAA730E3-7AB7-4AD1-9CF9-179ECB158089}.Release|Any CPU.ActiveCfg = Release|Any CPU
		{FAA730E3-7AB7-4AD1-9CF9-179ECB158089}.Release|Any CPU.Build.0 = Release|Any CPU
		{FAA730E3-7AB7-4AD1-9CF9-179ECB158089}.Release|x86.ActiveCfg = Release|x86
		{FAA730E3-7AB7-4AD1-9CF9-179ECB158089}.Release|x86.Build.0 = Release|x86
		{287F9124-8350-401E-A5AC-3AF72A3E66EB}.Debug|Any CPU.ActiveCfg = Debug|Any CPU
		{287F9124-8350-401E-A5AC-3AF72A3E66EB}.Debug|Any CPU.Build.0 = Debug|Any CPU
		{287F9124-8350-401E-A5AC-3AF72A3E66EB}.Debug|x86.ActiveCfg = Debug|x86
		{287F9124-8350-401E-A5AC-3AF72A3E66EB}.Debug|x86.Build.0 = Debug|x86
		{287F9124-8350-401E-A5AC-3AF72A3E66EB}.Release|Any CPU.ActiveCfg = Release|Any CPU
		{287F9124-8350-401E-A5AC-3AF72A3E66EB}.Release|Any CPU.Build.0 = Release|Any CPU
		{287F9124-8350-401E-A5AC-3AF72A3E66EB}.Release|x86.ActiveCfg = Release|x86
		{287F9124-8350-401E-A5AC-3AF72A3E66EB}.Release|x86.Build.0 = Release|x86
		{CE76FE30-8976-4E4D-B13F-42172E47E613}.Debug|Any CPU.ActiveCfg = Debug|Any CPU
		{CE76FE30-8976-4E4D-B13F-42172E47E613}.Debug|Any CPU.Build.0 = Debug|Any CPU
		{CE76FE30-8976-4E4D-B13F-42172E47E613}.Debug|x86.ActiveCfg = Debug|x86
		{CE76FE30-8976-4E4D-B13F-42172E47E613}.Debug|x86.Build.0 = Debug|x86
		{CE76FE30-8976-4E4D-B13F-42172E47E613}.Release|Any CPU.ActiveCfg = Release|Any CPU
		{CE76FE30-8976-4E4D-B13F-42172E47E613}.Release|Any CPU.Build.0 = Release|Any CPU
		{CE76FE30-8976-4E4D-B13F-42172E47E613}.Release|x86.ActiveCfg = Release|x86
		{CE76FE30-8976-4E4D-B13F-42172E47E613}.Release|x86.Build.0 = Release|x86
		{EB94D654-D5C7-4F52-AF86-4EE2F1E94659}.Debug|Any CPU.ActiveCfg = Debug|Any CPU
		{EB94D654-D5C7-4F52-AF86-4EE2F1E94659}.Debug|x86.ActiveCfg = Debug|x86
		{EB94D654-D5C7-4F52-AF86-4EE2F1E94659}.Release|Any CPU.ActiveCfg = Release|Any CPU
		{EB94D654-D5C7-4F52-AF86-4EE2F1E94659}.Release|Any CPU.Build.0 = Release|Any CPU
		{EB94D654-D5C7-4F52-AF86-4EE2F1E94659}.Release|x86.ActiveCfg = Release|x86
		{8B6F832D-0A85-4B37-A630-7752BC2F6E38}.Debug|Any CPU.ActiveCfg = Debug|Any CPU
		{8B6F832D-0A85-4B37-A630-7752BC2F6E38}.Debug|Any CPU.Build.0 = Debug|Any CPU
		{8B6F832D-0A85-4B37-A630-7752BC2F6E38}.Debug|x86.ActiveCfg = Debug|x86
		{8B6F832D-0A85-4B37-A630-7752BC2F6E38}.Debug|x86.Build.0 = Debug|x86
		{8B6F832D-0A85-4B37-A630-7752BC2F6E38}.Release|Any CPU.ActiveCfg = Release|Any CPU
		{8B6F832D-0A85-4B37-A630-7752BC2F6E38}.Release|Any CPU.Build.0 = Release|Any CPU
		{8B6F832D-0A85-4B37-A630-7752BC2F6E38}.Release|x86.ActiveCfg = Release|x86
		{8B6F832D-0A85-4B37-A630-7752BC2F6E38}.Release|x86.Build.0 = Release|x86
		{8BB54A81-2437-4FD9-8491-4E2F5DCCD69F}.Debug|Any CPU.ActiveCfg = Debug|Any CPU
		{8BB54A81-2437-4FD9-8491-4E2F5DCCD69F}.Debug|Any CPU.Build.0 = Debug|Any CPU
		{8BB54A81-2437-4FD9-8491-4E2F5DCCD69F}.Debug|x86.ActiveCfg = Debug|x86
		{8BB54A81-2437-4FD9-8491-4E2F5DCCD69F}.Debug|x86.Build.0 = Debug|x86
		{8BB54A81-2437-4FD9-8491-4E2F5DCCD69F}.Release|Any CPU.ActiveCfg = Release|Any CPU
		{8BB54A81-2437-4FD9-8491-4E2F5DCCD69F}.Release|Any CPU.Build.0 = Release|Any CPU
		{8BB54A81-2437-4FD9-8491-4E2F5DCCD69F}.Release|x86.ActiveCfg = Release|x86
		{8BB54A81-2437-4FD9-8491-4E2F5DCCD69F}.Release|x86.Build.0 = Release|x86
		{9FA12EB2-64DF-4403-B9B3-CAFD1F030E34}.Debug|Any CPU.ActiveCfg = Debug|Any CPU
		{9FA12EB2-64DF-4403-B9B3-CAFD1F030E34}.Debug|Any CPU.Build.0 = Debug|Any CPU
		{9FA12EB2-64DF-4403-B9B3-CAFD1F030E34}.Debug|x86.ActiveCfg = Debug|x86
		{9FA12EB2-64DF-4403-B9B3-CAFD1F030E34}.Debug|x86.Build.0 = Debug|x86
		{9FA12EB2-64DF-4403-B9B3-CAFD1F030E34}.Release|Any CPU.ActiveCfg = Release|Any CPU
		{9FA12EB2-64DF-4403-B9B3-CAFD1F030E34}.Release|Any CPU.Build.0 = Release|Any CPU
		{9FA12EB2-64DF-4403-B9B3-CAFD1F030E34}.Release|x86.ActiveCfg = Release|x86
		{9FA12EB2-64DF-4403-B9B3-CAFD1F030E34}.Release|x86.Build.0 = Release|x86
		{10FD086A-3A9E-469B-81C6-820384C7B005}.Debug|Any CPU.ActiveCfg = Debug|Any CPU
		{10FD086A-3A9E-469B-81C6-820384C7B005}.Debug|Any CPU.Build.0 = Debug|Any CPU
		{10FD086A-3A9E-469B-81C6-820384C7B005}.Debug|x86.ActiveCfg = Debug|x86
		{10FD086A-3A9E-469B-81C6-820384C7B005}.Debug|x86.Build.0 = Debug|x86
		{10FD086A-3A9E-469B-81C6-820384C7B005}.Release|Any CPU.ActiveCfg = Release|Any CPU
		{10FD086A-3A9E-469B-81C6-820384C7B005}.Release|Any CPU.Build.0 = Release|Any CPU
		{10FD086A-3A9E-469B-81C6-820384C7B005}.Release|x86.ActiveCfg = Release|x86
		{10FD086A-3A9E-469B-81C6-820384C7B005}.Release|x86.Build.0 = Release|x86
		{4C92CEE0-1710-4A45-935E-567F6F62EEC8}.Debug|Any CPU.ActiveCfg = Debug|Any CPU
		{4C92CEE0-1710-4A45-935E-567F6F62EEC8}.Debug|Any CPU.Build.0 = Debug|Any CPU
		{4C92CEE0-1710-4A45-935E-567F6F62EEC8}.Debug|x86.ActiveCfg = Debug|x86
		{4C92CEE0-1710-4A45-935E-567F6F62EEC8}.Debug|x86.Build.0 = Debug|x86
		{4C92CEE0-1710-4A45-935E-567F6F62EEC8}.Release|Any CPU.ActiveCfg = Release|Any CPU
		{4C92CEE0-1710-4A45-935E-567F6F62EEC8}.Release|Any CPU.Build.0 = Release|Any CPU
		{4C92CEE0-1710-4A45-935E-567F6F62EEC8}.Release|x86.ActiveCfg = Release|x86
		{4C92CEE0-1710-4A45-935E-567F6F62EEC8}.Release|x86.Build.0 = Release|x86
		{1C5F1A2B-06ED-43AF-9ACB-53EB8FB9A3C3}.Debug|Any CPU.ActiveCfg = Debug|Any CPU
		{1C5F1A2B-06ED-43AF-9ACB-53EB8FB9A3C3}.Debug|Any CPU.Build.0 = Debug|Any CPU
		{1C5F1A2B-06ED-43AF-9ACB-53EB8FB9A3C3}.Debug|x86.ActiveCfg = Debug|x86
		{1C5F1A2B-06ED-43AF-9ACB-53EB8FB9A3C3}.Debug|x86.Build.0 = Debug|x86
		{1C5F1A2B-06ED-43AF-9ACB-53EB8FB9A3C3}.Release|Any CPU.ActiveCfg = Release|Any CPU
		{1C5F1A2B-06ED-43AF-9ACB-53EB8FB9A3C3}.Release|Any CPU.Build.0 = Release|Any CPU
		{1C5F1A2B-06ED-43AF-9ACB-53EB8FB9A3C3}.Release|x86.ActiveCfg = Release|x86
		{1C5F1A2B-06ED-43AF-9ACB-53EB8FB9A3C3}.Release|x86.Build.0 = Release|x86
		{CD07C7E1-945C-4FB5-88DA-0BC1344E88C3}.Debug|Any CPU.ActiveCfg = Debug|Any CPU
		{CD07C7E1-945C-4FB5-88DA-0BC1344E88C3}.Debug|Any CPU.Build.0 = Debug|Any CPU
		{CD07C7E1-945C-4FB5-88DA-0BC1344E88C3}.Debug|x86.ActiveCfg = Debug|x86
		{CD07C7E1-945C-4FB5-88DA-0BC1344E88C3}.Debug|x86.Build.0 = Debug|x86
		{CD07C7E1-945C-4FB5-88DA-0BC1344E88C3}.Release|Any CPU.ActiveCfg = Release|Any CPU
		{CD07C7E1-945C-4FB5-88DA-0BC1344E88C3}.Release|Any CPU.Build.0 = Release|Any CPU
		{CD07C7E1-945C-4FB5-88DA-0BC1344E88C3}.Release|x86.ActiveCfg = Release|x86
		{CD07C7E1-945C-4FB5-88DA-0BC1344E88C3}.Release|x86.Build.0 = Release|x86
		{2BEA8FA1-46A0-4E26-99D7-A7C3F3B1A14C}.Debug|Any CPU.ActiveCfg = Debug|Any CPU
		{2BEA8FA1-46A0-4E26-99D7-A7C3F3B1A14C}.Debug|Any CPU.Build.0 = Debug|Any CPU
		{2BEA8FA1-46A0-4E26-99D7-A7C3F3B1A14C}.Debug|x86.ActiveCfg = Debug|x86
		{2BEA8FA1-46A0-4E26-99D7-A7C3F3B1A14C}.Debug|x86.Build.0 = Debug|x86
		{2BEA8FA1-46A0-4E26-99D7-A7C3F3B1A14C}.Release|Any CPU.ActiveCfg = Release|Any CPU
		{2BEA8FA1-46A0-4E26-99D7-A7C3F3B1A14C}.Release|Any CPU.Build.0 = Release|Any CPU
		{2BEA8FA1-46A0-4E26-99D7-A7C3F3B1A14C}.Release|x86.ActiveCfg = Release|x86
		{2BEA8FA1-46A0-4E26-99D7-A7C3F3B1A14C}.Release|x86.Build.0 = Release|x86
		{6DB7F892-5A28-40FE-8A8B-1EBFBC043F9D}.Debug|Any CPU.ActiveCfg = Debug|Any CPU
		{6DB7F892-5A28-40FE-8A8B-1EBFBC043F9D}.Debug|Any CPU.Build.0 = Debug|Any CPU
		{6DB7F892-5A28-40FE-8A8B-1EBFBC043F9D}.Debug|x86.ActiveCfg = Debug|x86
		{6DB7F892-5A28-40FE-8A8B-1EBFBC043F9D}.Debug|x86.Build.0 = Debug|x86
		{6DB7F892-5A28-40FE-8A8B-1EBFBC043F9D}.Release|Any CPU.ActiveCfg = Release|Any CPU
		{6DB7F892-5A28-40FE-8A8B-1EBFBC043F9D}.Release|Any CPU.Build.0 = Release|Any CPU
		{6DB7F892-5A28-40FE-8A8B-1EBFBC043F9D}.Release|x86.ActiveCfg = Release|x86
		{6DB7F892-5A28-40FE-8A8B-1EBFBC043F9D}.Release|x86.Build.0 = Release|x86
		{B66AB8B7-B074-4053-A50F-A442BE25E4A7}.Debug|Any CPU.ActiveCfg = Debug|Any CPU
		{B66AB8B7-B074-4053-A50F-A442BE25E4A7}.Debug|Any CPU.Build.0 = Debug|Any CPU
		{B66AB8B7-B074-4053-A50F-A442BE25E4A7}.Debug|x86.ActiveCfg = Debug|x86
		{B66AB8B7-B074-4053-A50F-A442BE25E4A7}.Debug|x86.Build.0 = Debug|x86
		{B66AB8B7-B074-4053-A50F-A442BE25E4A7}.Release|Any CPU.ActiveCfg = Release|Any CPU
		{B66AB8B7-B074-4053-A50F-A442BE25E4A7}.Release|Any CPU.Build.0 = Release|Any CPU
		{B66AB8B7-B074-4053-A50F-A442BE25E4A7}.Release|x86.ActiveCfg = Release|x86
		{B66AB8B7-B074-4053-A50F-A442BE25E4A7}.Release|x86.Build.0 = Release|x86
		{8300586A-FC0C-430C-A6E3-8DEA8A8E01B3}.Debug|Any CPU.ActiveCfg = Debug|Any CPU
		{8300586A-FC0C-430C-A6E3-8DEA8A8E01B3}.Debug|Any CPU.Build.0 = Debug|Any CPU
		{8300586A-FC0C-430C-A6E3-8DEA8A8E01B3}.Debug|x86.ActiveCfg = Debug|x86
		{8300586A-FC0C-430C-A6E3-8DEA8A8E01B3}.Debug|x86.Build.0 = Debug|x86
		{8300586A-FC0C-430C-A6E3-8DEA8A8E01B3}.Release|Any CPU.ActiveCfg = Release|Any CPU
		{8300586A-FC0C-430C-A6E3-8DEA8A8E01B3}.Release|Any CPU.Build.0 = Release|Any CPU
		{8300586A-FC0C-430C-A6E3-8DEA8A8E01B3}.Release|x86.ActiveCfg = Release|x86
		{8300586A-FC0C-430C-A6E3-8DEA8A8E01B3}.Release|x86.Build.0 = Release|x86
		{D0EAAF0D-5A5F-426F-B680-419B4455CDB5}.Debug|Any CPU.ActiveCfg = Debug|Any CPU
		{D0EAAF0D-5A5F-426F-B680-419B4455CDB5}.Debug|Any CPU.Build.0 = Debug|Any CPU
		{D0EAAF0D-5A5F-426F-B680-419B4455CDB5}.Debug|x86.ActiveCfg = Debug|x86
		{D0EAAF0D-5A5F-426F-B680-419B4455CDB5}.Debug|x86.Build.0 = Debug|x86
		{D0EAAF0D-5A5F-426F-B680-419B4455CDB5}.Release|Any CPU.ActiveCfg = Release|Any CPU
		{D0EAAF0D-5A5F-426F-B680-419B4455CDB5}.Release|Any CPU.Build.0 = Release|Any CPU
		{D0EAAF0D-5A5F-426F-B680-419B4455CDB5}.Release|x86.ActiveCfg = Release|x86
		{D0EAAF0D-5A5F-426F-B680-419B4455CDB5}.Release|x86.Build.0 = Release|x86
		{9D6E548D-2209-4A1C-884D-98BE0E2BC837}.Debug|Any CPU.ActiveCfg = Debug|Any CPU
		{9D6E548D-2209-4A1C-884D-98BE0E2BC837}.Debug|Any CPU.Build.0 = Debug|Any CPU
		{9D6E548D-2209-4A1C-884D-98BE0E2BC837}.Debug|x86.ActiveCfg = Debug|x86
		{9D6E548D-2209-4A1C-884D-98BE0E2BC837}.Debug|x86.Build.0 = Debug|x86
		{9D6E548D-2209-4A1C-884D-98BE0E2BC837}.Release|Any CPU.ActiveCfg = Release|Any CPU
		{9D6E548D-2209-4A1C-884D-98BE0E2BC837}.Release|Any CPU.Build.0 = Release|Any CPU
		{9D6E548D-2209-4A1C-884D-98BE0E2BC837}.Release|x86.ActiveCfg = Release|x86
		{9D6E548D-2209-4A1C-884D-98BE0E2BC837}.Release|x86.Build.0 = Release|x86
		{616A7275-9602-4F61-BF64-13B712217907}.Debug|Any CPU.ActiveCfg = Debug|Any CPU
		{616A7275-9602-4F61-BF64-13B712217907}.Debug|Any CPU.Build.0 = Debug|Any CPU
		{616A7275-9602-4F61-BF64-13B712217907}.Debug|x86.ActiveCfg = Debug|x86
		{616A7275-9602-4F61-BF64-13B712217907}.Debug|x86.Build.0 = Debug|x86
		{616A7275-9602-4F61-BF64-13B712217907}.Release|Any CPU.ActiveCfg = Release|Any CPU
		{616A7275-9602-4F61-BF64-13B712217907}.Release|Any CPU.Build.0 = Release|Any CPU
		{616A7275-9602-4F61-BF64-13B712217907}.Release|x86.ActiveCfg = Release|x86
		{616A7275-9602-4F61-BF64-13B712217907}.Release|x86.Build.0 = Release|x86
		{4F6D0CBF-2E38-4E0E-95E5-C38D6108BBF3}.Debug|Any CPU.ActiveCfg = Debug|Any CPU
		{4F6D0CBF-2E38-4E0E-95E5-C38D6108BBF3}.Debug|Any CPU.Build.0 = Debug|Any CPU
		{4F6D0CBF-2E38-4E0E-95E5-C38D6108BBF3}.Debug|x86.ActiveCfg = Debug|x86
		{4F6D0CBF-2E38-4E0E-95E5-C38D6108BBF3}.Debug|x86.Build.0 = Debug|x86
		{4F6D0CBF-2E38-4E0E-95E5-C38D6108BBF3}.Release|Any CPU.ActiveCfg = Release|Any CPU
		{4F6D0CBF-2E38-4E0E-95E5-C38D6108BBF3}.Release|Any CPU.Build.0 = Release|Any CPU
		{4F6D0CBF-2E38-4E0E-95E5-C38D6108BBF3}.Release|x86.ActiveCfg = Release|x86
		{4F6D0CBF-2E38-4E0E-95E5-C38D6108BBF3}.Release|x86.Build.0 = Release|x86
		{57598059-F223-462F-8568-CF07B0F87AB6}.Debug|Any CPU.ActiveCfg = Debug|Any CPU
		{57598059-F223-462F-8568-CF07B0F87AB6}.Debug|Any CPU.Build.0 = Debug|Any CPU
		{57598059-F223-462F-8568-CF07B0F87AB6}.Debug|x86.ActiveCfg = Debug|Any CPU
		{57598059-F223-462F-8568-CF07B0F87AB6}.Release|Any CPU.ActiveCfg = Release|Any CPU
		{57598059-F223-462F-8568-CF07B0F87AB6}.Release|Any CPU.Build.0 = Release|Any CPU
		{57598059-F223-462F-8568-CF07B0F87AB6}.Release|x86.ActiveCfg = Release|Any CPU
		{FDDD93F5-9AAC-46B6-B7A8-0A619CD7ED28}.Debug|Any CPU.ActiveCfg = Debug|Any CPU
		{FDDD93F5-9AAC-46B6-B7A8-0A619CD7ED28}.Debug|Any CPU.Build.0 = Debug|Any CPU
		{FDDD93F5-9AAC-46B6-B7A8-0A619CD7ED28}.Debug|x86.ActiveCfg = Debug|x86
		{FDDD93F5-9AAC-46B6-B7A8-0A619CD7ED28}.Debug|x86.Build.0 = Debug|x86
		{FDDD93F5-9AAC-46B6-B7A8-0A619CD7ED28}.Release|Any CPU.ActiveCfg = Release|Any CPU
		{FDDD93F5-9AAC-46B6-B7A8-0A619CD7ED28}.Release|Any CPU.Build.0 = Release|Any CPU
		{FDDD93F5-9AAC-46B6-B7A8-0A619CD7ED28}.Release|x86.ActiveCfg = Release|x86
		{FDDD93F5-9AAC-46B6-B7A8-0A619CD7ED28}.Release|x86.Build.0 = Release|x86
		{D1C277A6-8BE6-456B-9FBD-2F879008F1E9}.Debug|Any CPU.ActiveCfg = Debug|Any CPU
		{D1C277A6-8BE6-456B-9FBD-2F879008F1E9}.Debug|Any CPU.Build.0 = Debug|Any CPU
		{D1C277A6-8BE6-456B-9FBD-2F879008F1E9}.Debug|x86.ActiveCfg = Debug|x86
		{D1C277A6-8BE6-456B-9FBD-2F879008F1E9}.Debug|x86.Build.0 = Debug|x86
		{D1C277A6-8BE6-456B-9FBD-2F879008F1E9}.Release|Any CPU.ActiveCfg = Release|Any CPU
		{D1C277A6-8BE6-456B-9FBD-2F879008F1E9}.Release|Any CPU.Build.0 = Release|Any CPU
		{D1C277A6-8BE6-456B-9FBD-2F879008F1E9}.Release|x86.ActiveCfg = Release|x86
		{D1C277A6-8BE6-456B-9FBD-2F879008F1E9}.Release|x86.Build.0 = Release|x86
		{692268A7-8266-43C7-B5A5-40F21CF2D584}.Debug|Any CPU.ActiveCfg = Debug|Any CPU
		{692268A7-8266-43C7-B5A5-40F21CF2D584}.Debug|Any CPU.Build.0 = Debug|Any CPU
		{692268A7-8266-43C7-B5A5-40F21CF2D584}.Debug|x86.ActiveCfg = Debug|x86
		{692268A7-8266-43C7-B5A5-40F21CF2D584}.Debug|x86.Build.0 = Debug|x86
		{692268A7-8266-43C7-B5A5-40F21CF2D584}.Release|Any CPU.ActiveCfg = Release|Any CPU
		{692268A7-8266-43C7-B5A5-40F21CF2D584}.Release|Any CPU.Build.0 = Release|Any CPU
		{692268A7-8266-43C7-B5A5-40F21CF2D584}.Release|x86.ActiveCfg = Release|x86
		{692268A7-8266-43C7-B5A5-40F21CF2D584}.Release|x86.Build.0 = Release|x86
		{C2E95E24-3866-4E79-9014-6223F380B2F6}.Debug|Any CPU.ActiveCfg = Debug|x86
		{C2E95E24-3866-4E79-9014-6223F380B2F6}.Debug|Any CPU.Build.0 = Debug|x86
		{C2E95E24-3866-4E79-9014-6223F380B2F6}.Debug|x86.ActiveCfg = Debug|x86
		{C2E95E24-3866-4E79-9014-6223F380B2F6}.Debug|x86.Build.0 = Debug|x86
		{C2E95E24-3866-4E79-9014-6223F380B2F6}.Release|Any CPU.ActiveCfg = Release|Any CPU
		{C2E95E24-3866-4E79-9014-6223F380B2F6}.Release|Any CPU.Build.0 = Release|Any CPU
		{C2E95E24-3866-4E79-9014-6223F380B2F6}.Release|x86.ActiveCfg = Release|x86
		{C2E95E24-3866-4E79-9014-6223F380B2F6}.Release|x86.Build.0 = Release|x86
		{BB4FED70-68F6-473B-BB95-E9EB04B7E6A4}.Debug|Any CPU.ActiveCfg = Debug|Any CPU
		{BB4FED70-68F6-473B-BB95-E9EB04B7E6A4}.Debug|Any CPU.Build.0 = Debug|Any CPU
		{BB4FED70-68F6-473B-BB95-E9EB04B7E6A4}.Debug|x86.ActiveCfg = Debug|x86
		{BB4FED70-68F6-473B-BB95-E9EB04B7E6A4}.Debug|x86.Build.0 = Debug|x86
		{BB4FED70-68F6-473B-BB95-E9EB04B7E6A4}.Release|Any CPU.ActiveCfg = Release|Any CPU
		{BB4FED70-68F6-473B-BB95-E9EB04B7E6A4}.Release|Any CPU.Build.0 = Release|Any CPU
		{BB4FED70-68F6-473B-BB95-E9EB04B7E6A4}.Release|x86.ActiveCfg = Release|x86
		{BB4FED70-68F6-473B-BB95-E9EB04B7E6A4}.Release|x86.Build.0 = Release|x86
		{AAD2812D-81AD-47DB-83D5-D7B82CF1D3EC}.Debug|Any CPU.ActiveCfg = Debug|Any CPU
		{AAD2812D-81AD-47DB-83D5-D7B82CF1D3EC}.Debug|Any CPU.Build.0 = Debug|Any CPU
		{AAD2812D-81AD-47DB-83D5-D7B82CF1D3EC}.Debug|x86.ActiveCfg = Debug|x86
		{AAD2812D-81AD-47DB-83D5-D7B82CF1D3EC}.Debug|x86.Build.0 = Debug|x86
		{AAD2812D-81AD-47DB-83D5-D7B82CF1D3EC}.Release|Any CPU.ActiveCfg = Release|Any CPU
		{AAD2812D-81AD-47DB-83D5-D7B82CF1D3EC}.Release|Any CPU.Build.0 = Release|Any CPU
		{AAD2812D-81AD-47DB-83D5-D7B82CF1D3EC}.Release|x86.ActiveCfg = Release|x86
		{AAD2812D-81AD-47DB-83D5-D7B82CF1D3EC}.Release|x86.Build.0 = Release|x86
		{0E7BD4AC-A06C-482A-A9D9-43CD9CE51D9C}.Debug|Any CPU.ActiveCfg = Debug|Any CPU
		{0E7BD4AC-A06C-482A-A9D9-43CD9CE51D9C}.Debug|Any CPU.Build.0 = Debug|Any CPU
		{0E7BD4AC-A06C-482A-A9D9-43CD9CE51D9C}.Debug|x86.ActiveCfg = Debug|x86
		{0E7BD4AC-A06C-482A-A9D9-43CD9CE51D9C}.Debug|x86.Build.0 = Debug|x86
		{0E7BD4AC-A06C-482A-A9D9-43CD9CE51D9C}.Release|Any CPU.ActiveCfg = Release|Any CPU
		{0E7BD4AC-A06C-482A-A9D9-43CD9CE51D9C}.Release|Any CPU.Build.0 = Release|Any CPU
		{0E7BD4AC-A06C-482A-A9D9-43CD9CE51D9C}.Release|x86.ActiveCfg = Release|x86
		{0E7BD4AC-A06C-482A-A9D9-43CD9CE51D9C}.Release|x86.Build.0 = Release|x86
		{5131A0E6-A75D-44F7-9EC4-F1CDC7EAE6E3}.Debug|Any CPU.ActiveCfg = Debug|Any CPU
		{5131A0E6-A75D-44F7-9EC4-F1CDC7EAE6E3}.Debug|Any CPU.Build.0 = Debug|Any CPU
		{5131A0E6-A75D-44F7-9EC4-F1CDC7EAE6E3}.Debug|x86.ActiveCfg = Debug|x86
		{5131A0E6-A75D-44F7-9EC4-F1CDC7EAE6E3}.Debug|x86.Build.0 = Debug|x86
		{5131A0E6-A75D-44F7-9EC4-F1CDC7EAE6E3}.Release|Any CPU.ActiveCfg = Release|Any CPU
		{5131A0E6-A75D-44F7-9EC4-F1CDC7EAE6E3}.Release|Any CPU.Build.0 = Release|Any CPU
		{5131A0E6-A75D-44F7-9EC4-F1CDC7EAE6E3}.Release|x86.ActiveCfg = Release|x86
		{5131A0E6-A75D-44F7-9EC4-F1CDC7EAE6E3}.Release|x86.Build.0 = Release|x86
		{091ED4D7-5113-4DE3-94CB-D7522EDA60A1}.Debug|Any CPU.ActiveCfg = Debug|Any CPU
		{091ED4D7-5113-4DE3-94CB-D7522EDA60A1}.Debug|Any CPU.Build.0 = Debug|Any CPU
		{091ED4D7-5113-4DE3-94CB-D7522EDA60A1}.Debug|x86.ActiveCfg = Debug|x86
		{091ED4D7-5113-4DE3-94CB-D7522EDA60A1}.Debug|x86.Build.0 = Debug|x86
		{091ED4D7-5113-4DE3-94CB-D7522EDA60A1}.Release|Any CPU.ActiveCfg = Release|Any CPU
		{091ED4D7-5113-4DE3-94CB-D7522EDA60A1}.Release|Any CPU.Build.0 = Release|Any CPU
		{091ED4D7-5113-4DE3-94CB-D7522EDA60A1}.Release|x86.ActiveCfg = Release|x86
		{091ED4D7-5113-4DE3-94CB-D7522EDA60A1}.Release|x86.Build.0 = Release|x86
		{EBEE139B-5C6D-4327-9638-CA8BA327E955}.Debug|Any CPU.ActiveCfg = Debug|Any CPU
		{EBEE139B-5C6D-4327-9638-CA8BA327E955}.Debug|Any CPU.Build.0 = Debug|Any CPU
		{EBEE139B-5C6D-4327-9638-CA8BA327E955}.Debug|x86.ActiveCfg = Debug|x86
		{EBEE139B-5C6D-4327-9638-CA8BA327E955}.Debug|x86.Build.0 = Debug|x86
		{EBEE139B-5C6D-4327-9638-CA8BA327E955}.Release|Any CPU.ActiveCfg = Release|Any CPU
		{EBEE139B-5C6D-4327-9638-CA8BA327E955}.Release|Any CPU.Build.0 = Release|Any CPU
		{EBEE139B-5C6D-4327-9638-CA8BA327E955}.Release|x86.ActiveCfg = Release|x86
		{EBEE139B-5C6D-4327-9638-CA8BA327E955}.Release|x86.Build.0 = Release|x86
		{DF4CA457-1E54-4B02-ABE1-1E8CD5A66471}.Debug|Any CPU.ActiveCfg = Debug|Any CPU
		{DF4CA457-1E54-4B02-ABE1-1E8CD5A66471}.Debug|Any CPU.Build.0 = Debug|Any CPU
		{DF4CA457-1E54-4B02-ABE1-1E8CD5A66471}.Debug|x86.ActiveCfg = Debug|x86
		{DF4CA457-1E54-4B02-ABE1-1E8CD5A66471}.Debug|x86.Build.0 = Debug|x86
		{DF4CA457-1E54-4B02-ABE1-1E8CD5A66471}.Release|Any CPU.ActiveCfg = Release|Any CPU
		{DF4CA457-1E54-4B02-ABE1-1E8CD5A66471}.Release|Any CPU.Build.0 = Release|Any CPU
		{DF4CA457-1E54-4B02-ABE1-1E8CD5A66471}.Release|x86.ActiveCfg = Release|x86
		{DF4CA457-1E54-4B02-ABE1-1E8CD5A66471}.Release|x86.Build.0 = Release|x86
		{40AFFC47-EF10-477B-A1FA-78ABE2903903}.Debug|Any CPU.ActiveCfg = Debug|Any CPU
		{40AFFC47-EF10-477B-A1FA-78ABE2903903}.Debug|Any CPU.Build.0 = Debug|Any CPU
		{40AFFC47-EF10-477B-A1FA-78ABE2903903}.Debug|x86.ActiveCfg = Debug|x86
		{40AFFC47-EF10-477B-A1FA-78ABE2903903}.Debug|x86.Build.0 = Debug|x86
		{40AFFC47-EF10-477B-A1FA-78ABE2903903}.Release|Any CPU.ActiveCfg = Release|Any CPU
		{40AFFC47-EF10-477B-A1FA-78ABE2903903}.Release|Any CPU.Build.0 = Release|Any CPU
		{40AFFC47-EF10-477B-A1FA-78ABE2903903}.Release|x86.ActiveCfg = Release|x86
		{40AFFC47-EF10-477B-A1FA-78ABE2903903}.Release|x86.Build.0 = Release|x86
		{47E4AD34-6918-4259-B059-D9799F60EDCD}.Debug|Any CPU.ActiveCfg = Debug|Any CPU
		{47E4AD34-6918-4259-B059-D9799F60EDCD}.Debug|Any CPU.Build.0 = Debug|Any CPU
		{47E4AD34-6918-4259-B059-D9799F60EDCD}.Debug|x86.ActiveCfg = Debug|x86
		{47E4AD34-6918-4259-B059-D9799F60EDCD}.Debug|x86.Build.0 = Debug|x86
		{47E4AD34-6918-4259-B059-D9799F60EDCD}.Release|Any CPU.ActiveCfg = Release|Any CPU
		{47E4AD34-6918-4259-B059-D9799F60EDCD}.Release|Any CPU.Build.0 = Release|Any CPU
		{47E4AD34-6918-4259-B059-D9799F60EDCD}.Release|x86.ActiveCfg = Release|x86
		{47E4AD34-6918-4259-B059-D9799F60EDCD}.Release|x86.Build.0 = Release|x86
		{18978539-349A-4D55-BBC7-953DCD70ECE5}.Debug|Any CPU.ActiveCfg = Debug|Any CPU
		{18978539-349A-4D55-BBC7-953DCD70ECE5}.Debug|Any CPU.Build.0 = Debug|Any CPU
		{18978539-349A-4D55-BBC7-953DCD70ECE5}.Debug|x86.ActiveCfg = Debug|x86
		{18978539-349A-4D55-BBC7-953DCD70ECE5}.Debug|x86.Build.0 = Debug|x86
		{18978539-349A-4D55-BBC7-953DCD70ECE5}.Release|Any CPU.ActiveCfg = Release|Any CPU
		{18978539-349A-4D55-BBC7-953DCD70ECE5}.Release|Any CPU.Build.0 = Release|Any CPU
		{18978539-349A-4D55-BBC7-953DCD70ECE5}.Release|x86.ActiveCfg = Release|x86
		{18978539-349A-4D55-BBC7-953DCD70ECE5}.Release|x86.Build.0 = Release|x86
		{2EAA3751-BBB3-46A5-B70B-EF6B3C340914}.Debug|Any CPU.ActiveCfg = Debug|Any CPU
		{2EAA3751-BBB3-46A5-B70B-EF6B3C340914}.Debug|Any CPU.Build.0 = Debug|Any CPU
		{2EAA3751-BBB3-46A5-B70B-EF6B3C340914}.Debug|x86.ActiveCfg = Debug|x86
		{2EAA3751-BBB3-46A5-B70B-EF6B3C340914}.Debug|x86.Build.0 = Debug|x86
		{2EAA3751-BBB3-46A5-B70B-EF6B3C340914}.Release|Any CPU.ActiveCfg = Release|Any CPU
		{2EAA3751-BBB3-46A5-B70B-EF6B3C340914}.Release|Any CPU.Build.0 = Release|Any CPU
		{2EAA3751-BBB3-46A5-B70B-EF6B3C340914}.Release|x86.ActiveCfg = Release|x86
		{2EAA3751-BBB3-46A5-B70B-EF6B3C340914}.Release|x86.Build.0 = Release|x86
		{FFC5E438-D2DB-4455-9055-0BBB7C3694C1}.Debug|Any CPU.ActiveCfg = Debug|Any CPU
		{FFC5E438-D2DB-4455-9055-0BBB7C3694C1}.Debug|Any CPU.Build.0 = Debug|Any CPU
		{FFC5E438-D2DB-4455-9055-0BBB7C3694C1}.Debug|x86.ActiveCfg = Debug|x86
		{FFC5E438-D2DB-4455-9055-0BBB7C3694C1}.Debug|x86.Build.0 = Debug|x86
		{FFC5E438-D2DB-4455-9055-0BBB7C3694C1}.Release|Any CPU.ActiveCfg = Release|Any CPU
		{FFC5E438-D2DB-4455-9055-0BBB7C3694C1}.Release|Any CPU.Build.0 = Release|Any CPU
		{FFC5E438-D2DB-4455-9055-0BBB7C3694C1}.Release|x86.ActiveCfg = Release|x86
		{FFC5E438-D2DB-4455-9055-0BBB7C3694C1}.Release|x86.Build.0 = Release|x86
		{3C1E9DD2-EC4E-4FFD-9BB6-236E20A4FE1B}.Debug|Any CPU.ActiveCfg = Debug|Any CPU
		{3C1E9DD2-EC4E-4FFD-9BB6-236E20A4FE1B}.Debug|Any CPU.Build.0 = Debug|Any CPU
		{3C1E9DD2-EC4E-4FFD-9BB6-236E20A4FE1B}.Debug|x86.ActiveCfg = Debug|x86
		{3C1E9DD2-EC4E-4FFD-9BB6-236E20A4FE1B}.Debug|x86.Build.0 = Debug|x86
		{3C1E9DD2-EC4E-4FFD-9BB6-236E20A4FE1B}.Release|Any CPU.ActiveCfg = Release|Any CPU
		{3C1E9DD2-EC4E-4FFD-9BB6-236E20A4FE1B}.Release|Any CPU.Build.0 = Release|Any CPU
		{3C1E9DD2-EC4E-4FFD-9BB6-236E20A4FE1B}.Release|x86.ActiveCfg = Release|x86
		{3C1E9DD2-EC4E-4FFD-9BB6-236E20A4FE1B}.Release|x86.Build.0 = Release|x86
		{379C686F-7615-4258-A454-735E11CD942C}.Debug|Any CPU.ActiveCfg = Debug|Any CPU
		{379C686F-7615-4258-A454-735E11CD942C}.Debug|Any CPU.Build.0 = Debug|Any CPU
		{379C686F-7615-4258-A454-735E11CD942C}.Debug|x86.ActiveCfg = Debug|x86
		{379C686F-7615-4258-A454-735E11CD942C}.Debug|x86.Build.0 = Debug|x86
		{379C686F-7615-4258-A454-735E11CD942C}.Release|Any CPU.ActiveCfg = Release|Any CPU
		{379C686F-7615-4258-A454-735E11CD942C}.Release|Any CPU.Build.0 = Release|Any CPU
		{379C686F-7615-4258-A454-735E11CD942C}.Release|x86.ActiveCfg = Release|x86
		{379C686F-7615-4258-A454-735E11CD942C}.Release|x86.Build.0 = Release|x86
		{AA15CC81-288A-4872-972C-A3F51FD1B936}.Debug|Any CPU.ActiveCfg = Debug|Any CPU
		{AA15CC81-288A-4872-972C-A3F51FD1B936}.Debug|Any CPU.Build.0 = Debug|Any CPU
		{AA15CC81-288A-4872-972C-A3F51FD1B936}.Debug|x86.ActiveCfg = Debug|x86
		{AA15CC81-288A-4872-972C-A3F51FD1B936}.Debug|x86.Build.0 = Debug|x86
		{AA15CC81-288A-4872-972C-A3F51FD1B936}.Release|Any CPU.ActiveCfg = Release|Any CPU
		{AA15CC81-288A-4872-972C-A3F51FD1B936}.Release|Any CPU.Build.0 = Release|Any CPU
		{AA15CC81-288A-4872-972C-A3F51FD1B936}.Release|x86.ActiveCfg = Release|x86
		{AA15CC81-288A-4872-972C-A3F51FD1B936}.Release|x86.Build.0 = Release|x86
		{D6230A64-ACF0-4F8E-A956-A2CF6080EF42}.Debug|Any CPU.ActiveCfg = Debug|Any CPU
		{D6230A64-ACF0-4F8E-A956-A2CF6080EF42}.Debug|Any CPU.Build.0 = Debug|Any CPU
		{D6230A64-ACF0-4F8E-A956-A2CF6080EF42}.Debug|x86.ActiveCfg = Debug|x86
		{D6230A64-ACF0-4F8E-A956-A2CF6080EF42}.Debug|x86.Build.0 = Debug|x86
		{D6230A64-ACF0-4F8E-A956-A2CF6080EF42}.Release|Any CPU.ActiveCfg = Release|Any CPU
		{D6230A64-ACF0-4F8E-A956-A2CF6080EF42}.Release|Any CPU.Build.0 = Release|Any CPU
		{D6230A64-ACF0-4F8E-A956-A2CF6080EF42}.Release|x86.ActiveCfg = Release|x86
		{D6230A64-ACF0-4F8E-A956-A2CF6080EF42}.Release|x86.Build.0 = Release|x86
		{812448AF-AB2C-47E8-9B43-347277378861}.Debug|Any CPU.ActiveCfg = Debug|Any CPU
		{812448AF-AB2C-47E8-9B43-347277378861}.Debug|Any CPU.Build.0 = Debug|Any CPU
		{812448AF-AB2C-47E8-9B43-347277378861}.Debug|x86.ActiveCfg = Debug|x86
		{812448AF-AB2C-47E8-9B43-347277378861}.Debug|x86.Build.0 = Debug|x86
		{812448AF-AB2C-47E8-9B43-347277378861}.Release|Any CPU.ActiveCfg = Release|Any CPU
		{812448AF-AB2C-47E8-9B43-347277378861}.Release|Any CPU.Build.0 = Release|Any CPU
		{812448AF-AB2C-47E8-9B43-347277378861}.Release|x86.ActiveCfg = Release|x86
		{812448AF-AB2C-47E8-9B43-347277378861}.Release|x86.Build.0 = Release|x86
		{FC057B71-79F8-4967-A37E-3F93DC872952}.Debug|Any CPU.ActiveCfg = Debug|Any CPU
		{FC057B71-79F8-4967-A37E-3F93DC872952}.Debug|Any CPU.Build.0 = Debug|Any CPU
		{FC057B71-79F8-4967-A37E-3F93DC872952}.Debug|x86.ActiveCfg = Debug|x86
		{FC057B71-79F8-4967-A37E-3F93DC872952}.Debug|x86.Build.0 = Debug|x86
		{FC057B71-79F8-4967-A37E-3F93DC872952}.Release|Any CPU.ActiveCfg = Release|Any CPU
		{FC057B71-79F8-4967-A37E-3F93DC872952}.Release|Any CPU.Build.0 = Release|Any CPU
		{FC057B71-79F8-4967-A37E-3F93DC872952}.Release|x86.ActiveCfg = Release|x86
		{FC057B71-79F8-4967-A37E-3F93DC872952}.Release|x86.Build.0 = Release|x86
		{98ECD8D6-DFA2-4544-9620-B1A6AC4D2D38}.Debug|Any CPU.ActiveCfg = Debug|Any CPU
		{98ECD8D6-DFA2-4544-9620-B1A6AC4D2D38}.Debug|Any CPU.Build.0 = Debug|Any CPU
		{98ECD8D6-DFA2-4544-9620-B1A6AC4D2D38}.Debug|x86.ActiveCfg = Debug|x86
		{98ECD8D6-DFA2-4544-9620-B1A6AC4D2D38}.Debug|x86.Build.0 = Debug|x86
		{98ECD8D6-DFA2-4544-9620-B1A6AC4D2D38}.Release|Any CPU.ActiveCfg = Release|Any CPU
		{98ECD8D6-DFA2-4544-9620-B1A6AC4D2D38}.Release|Any CPU.Build.0 = Release|Any CPU
		{98ECD8D6-DFA2-4544-9620-B1A6AC4D2D38}.Release|x86.ActiveCfg = Release|x86
		{98ECD8D6-DFA2-4544-9620-B1A6AC4D2D38}.Release|x86.Build.0 = Release|x86
		{394FF1E4-7452-4647-9C74-B6D743E3D610}.Debug|Any CPU.ActiveCfg = Debug|Any CPU
		{394FF1E4-7452-4647-9C74-B6D743E3D610}.Debug|Any CPU.Build.0 = Debug|Any CPU
		{394FF1E4-7452-4647-9C74-B6D743E3D610}.Debug|x86.ActiveCfg = Debug|x86
		{394FF1E4-7452-4647-9C74-B6D743E3D610}.Debug|x86.Build.0 = Debug|x86
		{394FF1E4-7452-4647-9C74-B6D743E3D610}.Release|Any CPU.ActiveCfg = Release|Any CPU
		{394FF1E4-7452-4647-9C74-B6D743E3D610}.Release|Any CPU.Build.0 = Release|Any CPU
		{394FF1E4-7452-4647-9C74-B6D743E3D610}.Release|x86.ActiveCfg = Release|x86
		{394FF1E4-7452-4647-9C74-B6D743E3D610}.Release|x86.Build.0 = Release|x86
		{F3A50AC0-A355-44AF-B342-463539DB0E04}.Debug|Any CPU.ActiveCfg = Debug|Any CPU
		{F3A50AC0-A355-44AF-B342-463539DB0E04}.Debug|Any CPU.Build.0 = Debug|Any CPU
		{F3A50AC0-A355-44AF-B342-463539DB0E04}.Debug|x86.ActiveCfg = Debug|x86
		{F3A50AC0-A355-44AF-B342-463539DB0E04}.Debug|x86.Build.0 = Debug|x86
		{F3A50AC0-A355-44AF-B342-463539DB0E04}.Release|Any CPU.ActiveCfg = Release|Any CPU
		{F3A50AC0-A355-44AF-B342-463539DB0E04}.Release|Any CPU.Build.0 = Release|Any CPU
		{F3A50AC0-A355-44AF-B342-463539DB0E04}.Release|x86.ActiveCfg = Release|x86
		{F3A50AC0-A355-44AF-B342-463539DB0E04}.Release|x86.Build.0 = Release|x86
		{9DD569B5-F9FC-4FC2-90DC-37B234C23D70}.Debug|Any CPU.ActiveCfg = Debug|Any CPU
		{9DD569B5-F9FC-4FC2-90DC-37B234C23D70}.Debug|Any CPU.Build.0 = Debug|Any CPU
		{9DD569B5-F9FC-4FC2-90DC-37B234C23D70}.Debug|x86.ActiveCfg = Debug|Any CPU
		{9DD569B5-F9FC-4FC2-90DC-37B234C23D70}.Release|Any CPU.ActiveCfg = Release|Any CPU
		{9DD569B5-F9FC-4FC2-90DC-37B234C23D70}.Release|Any CPU.Build.0 = Release|Any CPU
		{9DD569B5-F9FC-4FC2-90DC-37B234C23D70}.Release|x86.ActiveCfg = Release|Any CPU
		{A904B91F-8CE2-4208-95C2-77E066C0132E}.Debug|Any CPU.ActiveCfg = Debug|Any CPU
		{A904B91F-8CE2-4208-95C2-77E066C0132E}.Debug|Any CPU.Build.0 = Debug|Any CPU
		{A904B91F-8CE2-4208-95C2-77E066C0132E}.Debug|x86.ActiveCfg = Debug|Any CPU
		{A904B91F-8CE2-4208-95C2-77E066C0132E}.Debug|x86.Build.0 = Debug|Any CPU
		{A904B91F-8CE2-4208-95C2-77E066C0132E}.Release|Any CPU.ActiveCfg = Release|Any CPU
		{A904B91F-8CE2-4208-95C2-77E066C0132E}.Release|Any CPU.Build.0 = Release|Any CPU
		{A904B91F-8CE2-4208-95C2-77E066C0132E}.Release|x86.ActiveCfg = Release|Any CPU
		{A904B91F-8CE2-4208-95C2-77E066C0132E}.Release|x86.Build.0 = Release|Any CPU
		{B93D075B-6738-4C74-854C-515F234C6797}.Debug|Any CPU.ActiveCfg = Debug|Any CPU
		{B93D075B-6738-4C74-854C-515F234C6797}.Debug|Any CPU.Build.0 = Debug|Any CPU
		{B93D075B-6738-4C74-854C-515F234C6797}.Debug|x86.ActiveCfg = Debug|Any CPU
		{B93D075B-6738-4C74-854C-515F234C6797}.Debug|x86.Build.0 = Debug|Any CPU
		{B93D075B-6738-4C74-854C-515F234C6797}.Release|Any CPU.ActiveCfg = Release|Any CPU
		{B93D075B-6738-4C74-854C-515F234C6797}.Release|Any CPU.Build.0 = Release|Any CPU
		{B93D075B-6738-4C74-854C-515F234C6797}.Release|x86.ActiveCfg = Release|Any CPU
		{B93D075B-6738-4C74-854C-515F234C6797}.Release|x86.Build.0 = Release|Any CPU
		{6E572BA0-D148-41F4-96EB-025D6818D6BC}.Debug|Any CPU.ActiveCfg = Debug|Any CPU
		{6E572BA0-D148-41F4-96EB-025D6818D6BC}.Debug|Any CPU.Build.0 = Debug|Any CPU
		{6E572BA0-D148-41F4-96EB-025D6818D6BC}.Debug|x86.ActiveCfg = Debug|Any CPU
		{6E572BA0-D148-41F4-96EB-025D6818D6BC}.Debug|x86.Build.0 = Debug|Any CPU
		{6E572BA0-D148-41F4-96EB-025D6818D6BC}.Release|Any CPU.ActiveCfg = Release|Any CPU
		{6E572BA0-D148-41F4-96EB-025D6818D6BC}.Release|Any CPU.Build.0 = Release|Any CPU
		{6E572BA0-D148-41F4-96EB-025D6818D6BC}.Release|x86.ActiveCfg = Release|Any CPU
		{6E572BA0-D148-41F4-96EB-025D6818D6BC}.Release|x86.Build.0 = Release|Any CPU
		{C25D5735-602B-4DE1-B091-1726A9EF0641}.Debug|Any CPU.ActiveCfg = Debug|Any CPU
		{C25D5735-602B-4DE1-B091-1726A9EF0641}.Debug|Any CPU.Build.0 = Debug|Any CPU
		{C25D5735-602B-4DE1-B091-1726A9EF0641}.Debug|x86.ActiveCfg = Debug|Any CPU
		{C25D5735-602B-4DE1-B091-1726A9EF0641}.Debug|x86.Build.0 = Debug|Any CPU
		{C25D5735-602B-4DE1-B091-1726A9EF0641}.Release|Any CPU.ActiveCfg = Release|Any CPU
		{C25D5735-602B-4DE1-B091-1726A9EF0641}.Release|Any CPU.Build.0 = Release|Any CPU
		{C25D5735-602B-4DE1-B091-1726A9EF0641}.Release|x86.ActiveCfg = Release|Any CPU
		{C25D5735-602B-4DE1-B091-1726A9EF0641}.Release|x86.Build.0 = Release|Any CPU
		{7FF4629E-9C5B-41D3-902C-62D0272BDB36}.Debug|Any CPU.ActiveCfg = Debug|Any CPU
		{7FF4629E-9C5B-41D3-902C-62D0272BDB36}.Debug|Any CPU.Build.0 = Debug|Any CPU
		{7FF4629E-9C5B-41D3-902C-62D0272BDB36}.Debug|x86.ActiveCfg = Debug|Any CPU
		{7FF4629E-9C5B-41D3-902C-62D0272BDB36}.Debug|x86.Build.0 = Debug|Any CPU
		{7FF4629E-9C5B-41D3-902C-62D0272BDB36}.Release|Any CPU.ActiveCfg = Release|Any CPU
		{7FF4629E-9C5B-41D3-902C-62D0272BDB36}.Release|Any CPU.Build.0 = Release|Any CPU
		{7FF4629E-9C5B-41D3-902C-62D0272BDB36}.Release|x86.ActiveCfg = Release|Any CPU
		{7FF4629E-9C5B-41D3-902C-62D0272BDB36}.Release|x86.Build.0 = Release|Any CPU
	EndGlobalSection
	GlobalSection(SolutionProperties) = preSolution
		HideSolutionNode = FALSE
	EndGlobalSection
	GlobalSection(NestedProjects) = preSolution
		{B83B6F0C-733A-45FE-9EC0-CFE8D4B17C4F} = {B4EC53D7-DC1B-4724-800B-678327FF53D7}
		{14534DDA-453D-4213-A45B-35232984B6DA} = {4642A12B-B33F-4A05-A84D-FBE39E270863}
		{33E1CA5F-33A9-4A57-9E24-E77E94B5A5AE} = {4642A12B-B33F-4A05-A84D-FBE39E270863}
		{05DEA2F2-4AE8-4DA8-9CCC-668E3E77B297} = {4642A12B-B33F-4A05-A84D-FBE39E270863}
		{2E006C0C-304F-4F3D-871C-C1A8F5DA7CA6} = {4642A12B-B33F-4A05-A84D-FBE39E270863}
		{777D2653-F8E5-49CE-AAAC-B53225D243FC} = {EBAE5226-433A-4892-9ED6-F623CDB33926}
		{79FA5286-557D-4BCB-BF84-75A479F49F1A} = {EBAE5226-433A-4892-9ED6-F623CDB33926}
		{AB4A19E4-1568-4BFA-A931-1F9F38EB0963} = {EBAE5226-433A-4892-9ED6-F623CDB33926}
		{4DFF7D54-2513-429E-8485-C3D989AC9487} = {4642A12B-B33F-4A05-A84D-FBE39E270863}
		{4974FE82-053A-41DC-B943-E079BC294AD4} = {4642A12B-B33F-4A05-A84D-FBE39E270863}
		{E605EC5E-4977-44AA-9522-10359BBA2497} = {4642A12B-B33F-4A05-A84D-FBE39E270863}
		{83A7CC83-6970-4F42-BB13-965A1633FF30} = {4642A12B-B33F-4A05-A84D-FBE39E270863}
		{1FB8E180-D427-43F5-AFB5-31CCA0ED9ABB} = {4642A12B-B33F-4A05-A84D-FBE39E270863}
		{FAA730E3-7AB7-4AD1-9CF9-179ECB158089} = {4642A12B-B33F-4A05-A84D-FBE39E270863}
		{287F9124-8350-401E-A5AC-3AF72A3E66EB} = {E1699756-8B83-4C50-B632-DF0E94DB71AF}
		{CE76FE30-8976-4E4D-B13F-42172E47E613} = {E1699756-8B83-4C50-B632-DF0E94DB71AF}
		{EB94D654-D5C7-4F52-AF86-4EE2F1E94659} = {E1699756-8B83-4C50-B632-DF0E94DB71AF}
		{8B6F832D-0A85-4B37-A630-7752BC2F6E38} = {EBAE5226-433A-4892-9ED6-F623CDB33926}
		{8BB54A81-2437-4FD9-8491-4E2F5DCCD69F} = {EBAE5226-433A-4892-9ED6-F623CDB33926}
		{9FA12EB2-64DF-4403-B9B3-CAFD1F030E34} = {EBAE5226-433A-4892-9ED6-F623CDB33926}
		{10FD086A-3A9E-469B-81C6-820384C7B005} = {EBAE5226-433A-4892-9ED6-F623CDB33926}
		{4C92CEE0-1710-4A45-935E-567F6F62EEC8} = {EBAE5226-433A-4892-9ED6-F623CDB33926}
		{1C5F1A2B-06ED-43AF-9ACB-53EB8FB9A3C3} = {A35B2AED-15B3-46D8-A4B2-5C6DAE19698F}
		{CD07C7E1-945C-4FB5-88DA-0BC1344E88C3} = {A35B2AED-15B3-46D8-A4B2-5C6DAE19698F}
		{2BEA8FA1-46A0-4E26-99D7-A7C3F3B1A14C} = {A35B2AED-15B3-46D8-A4B2-5C6DAE19698F}
		{6DB7F892-5A28-40FE-8A8B-1EBFBC043F9D} = {29C5801E-5A36-44F7-A44B-EA045DFDDF85}
		{B66AB8B7-B074-4053-A50F-A442BE25E4A7} = {29C5801E-5A36-44F7-A44B-EA045DFDDF85}
		{8300586A-FC0C-430C-A6E3-8DEA8A8E01B3} = {29C5801E-5A36-44F7-A44B-EA045DFDDF85}
		{D0EAAF0D-5A5F-426F-B680-419B4455CDB5} = {29C5801E-5A36-44F7-A44B-EA045DFDDF85}
		{9D6E548D-2209-4A1C-884D-98BE0E2BC837} = {C30B786F-BDCD-433D-B190-51BCD6C1FD21}
		{616A7275-9602-4F61-BF64-13B712217907} = {C30B786F-BDCD-433D-B190-51BCD6C1FD21}
		{4F6D0CBF-2E38-4E0E-95E5-C38D6108BBF3} = {C30B786F-BDCD-433D-B190-51BCD6C1FD21}
		{57598059-F223-462F-8568-CF07B0F87AB6} = {C30B786F-BDCD-433D-B190-51BCD6C1FD21}
		{FDDD93F5-9AAC-46B6-B7A8-0A619CD7ED28} = {C30B786F-BDCD-433D-B190-51BCD6C1FD21}
		{D1C277A6-8BE6-456B-9FBD-2F879008F1E9} = {C30B786F-BDCD-433D-B190-51BCD6C1FD21}
		{692268A7-8266-43C7-B5A5-40F21CF2D584} = {C30B786F-BDCD-433D-B190-51BCD6C1FD21}
		{C2E95E24-3866-4E79-9014-6223F380B2F6} = {C30B786F-BDCD-433D-B190-51BCD6C1FD21}
		{BB4FED70-68F6-473B-BB95-E9EB04B7E6A4} = {C30B786F-BDCD-433D-B190-51BCD6C1FD21}
		{AAD2812D-81AD-47DB-83D5-D7B82CF1D3EC} = {C30B786F-BDCD-433D-B190-51BCD6C1FD21}
		{0E7BD4AC-A06C-482A-A9D9-43CD9CE51D9C} = {C30B786F-BDCD-433D-B190-51BCD6C1FD21}
		{5131A0E6-A75D-44F7-9EC4-F1CDC7EAE6E3} = {DAFB5249-F6C4-4390-A00B-CCF636576499}
		{091ED4D7-5113-4DE3-94CB-D7522EDA60A1} = {DAFB5249-F6C4-4390-A00B-CCF636576499}
		{EBEE139B-5C6D-4327-9638-CA8BA327E955} = {DAFB5249-F6C4-4390-A00B-CCF636576499}
		{DF4CA457-1E54-4B02-ABE1-1E8CD5A66471} = {DAFB5249-F6C4-4390-A00B-CCF636576499}
		{40AFFC47-EF10-477B-A1FA-78ABE2903903} = {C30B786F-BDCD-433D-B190-51BCD6C1FD21}
		{47E4AD34-6918-4259-B059-D9799F60EDCD} = {EBAE5226-433A-4892-9ED6-F623CDB33926}
		{18978539-349A-4D55-BBC7-953DCD70ECE5} = {D8F86689-EA16-4330-B5D1-B86744DCB312}
		{2EAA3751-BBB3-46A5-B70B-EF6B3C340914} = {FB74CCF9-BEF9-4172-B6FF-AC17BD34ABC4}
		{FFC5E438-D2DB-4455-9055-0BBB7C3694C1} = {D8F86689-EA16-4330-B5D1-B86744DCB312}
		{3C1E9DD2-EC4E-4FFD-9BB6-236E20A4FE1B} = {D8F86689-EA16-4330-B5D1-B86744DCB312}
		{379C686F-7615-4258-A454-735E11CD942C} = {D8F86689-EA16-4330-B5D1-B86744DCB312}
		{AA15CC81-288A-4872-972C-A3F51FD1B936} = {EBAE5226-433A-4892-9ED6-F623CDB33926}
		{D6230A64-ACF0-4F8E-A956-A2CF6080EF42} = {EBAE5226-433A-4892-9ED6-F623CDB33926}
		{812448AF-AB2C-47E8-9B43-347277378861} = {EBAE5226-433A-4892-9ED6-F623CDB33926}
		{FC057B71-79F8-4967-A37E-3F93DC872952} = {E1699756-8B83-4C50-B632-DF0E94DB71AF}
		{98ECD8D6-DFA2-4544-9620-B1A6AC4D2D38} = {4642A12B-B33F-4A05-A84D-FBE39E270863}
		{394FF1E4-7452-4647-9C74-B6D743E3D610} = {4642A12B-B33F-4A05-A84D-FBE39E270863}
		{F3A50AC0-A355-44AF-B342-463539DB0E04} = {DAFB5249-F6C4-4390-A00B-CCF636576499}
		{9DD569B5-F9FC-4FC2-90DC-37B234C23D70} = {E1699756-8B83-4C50-B632-DF0E94DB71AF}
		{A904B91F-8CE2-4208-95C2-77E066C0132E} = {F09ED153-F4BE-46EA-A1A8-CC8A9114A50E}
		{B93D075B-6738-4C74-854C-515F234C6797} = {F09ED153-F4BE-46EA-A1A8-CC8A9114A50E}
		{6E572BA0-D148-41F4-96EB-025D6818D6BC} = {50E57693-5EB5-433F-885A-A558CC18D7CE}
		{C25D5735-602B-4DE1-B091-1726A9EF0641} = {50E57693-5EB5-433F-885A-A558CC18D7CE}
		{7FF4629E-9C5B-41D3-902C-62D0272BDB36} = {50E57693-5EB5-433F-885A-A558CC18D7CE}
	EndGlobalSection
	GlobalSection(ExtensibilityGlobals) = postSolution
		SolutionGuid = {0E332B0F-9796-4602-9869-9E96F4D7A360}
	EndGlobalSection
EndGlobal
